// !$*UTF8*$!
{
	archiveVersion = 1;
	classes = {
	};
	objectVersion = 48;
	objects = {

/* Begin PBXBuildFile section */
		62BA48828474B71BFAF33FF5 /* libPods-ExcelDemoTests.a in Frameworks */ = {isa = PBXBuildFile; fileRef = C4A49ED5F63519014C59D413 /* libPods-ExcelDemoTests.a */; };
		8A88A38530FB8DA806F37DE5 /* libPods-ExcelDemo.a in Frameworks */ = {isa = PBXBuildFile; fileRef = EB0F54238082F66B3DB4BC90 /* libPods-ExcelDemo.a */; };
		E29C6DBCCFAD7098E89C45E7 /* libPods-ExcelDemoUITests.a in Frameworks */ = {isa = PBXBuildFile; fileRef = C454EAB66788505B15E42011 /* libPods-ExcelDemoUITests.a */; };
		FB23CC301F9F403200278500 /* AppDelegate.m in Sources */ = {isa = PBXBuildFile; fileRef = FB23CC2F1F9F403200278500 /* AppDelegate.m */; };
		FB23CC331F9F403200278500 /* ViewController.m in Sources */ = {isa = PBXBuildFile; fileRef = FB23CC321F9F403200278500 /* ViewController.m */; };
		FB23CC361F9F403200278500 /* Main.storyboard in Resources */ = {isa = PBXBuildFile; fileRef = FB23CC341F9F403200278500 /* Main.storyboard */; };
		FB23CC381F9F403200278500 /* Assets.xcassets in Resources */ = {isa = PBXBuildFile; fileRef = FB23CC371F9F403200278500 /* Assets.xcassets */; };
		FB23CC3B1F9F403200278500 /* LaunchScreen.storyboard in Resources */ = {isa = PBXBuildFile; fileRef = FB23CC391F9F403200278500 /* LaunchScreen.storyboard */; };
		FB23CC3E1F9F403200278500 /* main.m in Sources */ = {isa = PBXBuildFile; fileRef = FB23CC3D1F9F403200278500 /* main.m */; };
		FB23CC481F9F403200278500 /* ExcelDemoTests.m in Sources */ = {isa = PBXBuildFile; fileRef = FB23CC471F9F403200278500 /* ExcelDemoTests.m */; };
		FB23CC531F9F403200278500 /* ExcelDemoUITests.m in Sources */ = {isa = PBXBuildFile; fileRef = FB23CC521F9F403200278500 /* ExcelDemoUITests.m */; };
/* End PBXBuildFile section */

/* Begin PBXContainerItemProxy section */
		FB23CC441F9F403200278500 /* PBXContainerItemProxy */ = {
			isa = PBXContainerItemProxy;
			containerPortal = FB23CC231F9F403200278500 /* Project object */;
			proxyType = 1;
			remoteGlobalIDString = FB23CC2A1F9F403200278500;
			remoteInfo = ExcelDemo;
		};
		FB23CC4F1F9F403200278500 /* PBXContainerItemProxy */ = {
			isa = PBXContainerItemProxy;
			containerPortal = FB23CC231F9F403200278500 /* Project object */;
			proxyType = 1;
			remoteGlobalIDString = FB23CC2A1F9F403200278500;
			remoteInfo = ExcelDemo;
		};
/* End PBXContainerItemProxy section */

/* Begin PBXFileReference section */
		0D4D34A6EF642CE77E5CF4AC /* Pods-ExcelDemo.debug.xcconfig */ = {isa = PBXFileReference; includeInIndex = 1; lastKnownFileType = text.xcconfig; name = "Pods-ExcelDemo.debug.xcconfig"; path = "Pods/Target Support Files/Pods-ExcelDemo/Pods-ExcelDemo.debug.xcconfig"; sourceTree = "<group>"; };
		39A74C1222FB4B016991E95E /* Pods-ExcelDemoTests.release.xcconfig */ = {isa = PBXFileReference; includeInIndex = 1; lastKnownFileType = text.xcconfig; name = "Pods-ExcelDemoTests.release.xcconfig"; path = "Pods/Target Support Files/Pods-ExcelDemoTests/Pods-ExcelDemoTests.release.xcconfig"; sourceTree = "<group>"; };
		A412D771EAD904625801662F /* Pods-ExcelDemoTests.debug.xcconfig */ = {isa = PBXFileReference; includeInIndex = 1; lastKnownFileType = text.xcconfig; name = "Pods-ExcelDemoTests.debug.xcconfig"; path = "Pods/Target Support Files/Pods-ExcelDemoTests/Pods-ExcelDemoTests.debug.xcconfig"; sourceTree = "<group>"; };
		B6B8DC1329167A06C0621570 /* Pods-ExcelDemo.release.xcconfig */ = {isa = PBXFileReference; includeInIndex = 1; lastKnownFileType = text.xcconfig; name = "Pods-ExcelDemo.release.xcconfig"; path = "Pods/Target Support Files/Pods-ExcelDemo/Pods-ExcelDemo.release.xcconfig"; sourceTree = "<group>"; };
		BDB62FFB2119A93AECC2FC81 /* Pods-ExcelDemoUITests.release.xcconfig */ = {isa = PBXFileReference; includeInIndex = 1; lastKnownFileType = text.xcconfig; name = "Pods-ExcelDemoUITests.release.xcconfig"; path = "Pods/Target Support Files/Pods-ExcelDemoUITests/Pods-ExcelDemoUITests.release.xcconfig"; sourceTree = "<group>"; };
		C454EAB66788505B15E42011 /* libPods-ExcelDemoUITests.a */ = {isa = PBXFileReference; explicitFileType = archive.ar; includeInIndex = 0; path = "libPods-ExcelDemoUITests.a"; sourceTree = BUILT_PRODUCTS_DIR; };
		C4A49ED5F63519014C59D413 /* libPods-ExcelDemoTests.a */ = {isa = PBXFileReference; explicitFileType = archive.ar; includeInIndex = 0; path = "libPods-ExcelDemoTests.a"; sourceTree = BUILT_PRODUCTS_DIR; };
		C5260E8E6ACE42399125C0D1 /* Pods-ExcelDemoUITests.debug.xcconfig */ = {isa = PBXFileReference; includeInIndex = 1; lastKnownFileType = text.xcconfig; name = "Pods-ExcelDemoUITests.debug.xcconfig"; path = "Pods/Target Support Files/Pods-ExcelDemoUITests/Pods-ExcelDemoUITests.debug.xcconfig"; sourceTree = "<group>"; };
		EB0F54238082F66B3DB4BC90 /* libPods-ExcelDemo.a */ = {isa = PBXFileReference; explicitFileType = archive.ar; includeInIndex = 0; path = "libPods-ExcelDemo.a"; sourceTree = BUILT_PRODUCTS_DIR; };
		FB23CC2B1F9F403200278500 /* ExcelDemo.app */ = {isa = PBXFileReference; explicitFileType = wrapper.application; includeInIndex = 0; path = ExcelDemo.app; sourceTree = BUILT_PRODUCTS_DIR; };
		FB23CC2E1F9F403200278500 /* AppDelegate.h */ = {isa = PBXFileReference; lastKnownFileType = sourcecode.c.h; path = AppDelegate.h; sourceTree = "<group>"; };
		FB23CC2F1F9F403200278500 /* AppDelegate.m */ = {isa = PBXFileReference; lastKnownFileType = sourcecode.c.objc; path = AppDelegate.m; sourceTree = "<group>"; };
		FB23CC311F9F403200278500 /* ViewController.h */ = {isa = PBXFileReference; lastKnownFileType = sourcecode.c.h; path = ViewController.h; sourceTree = "<group>"; };
		FB23CC321F9F403200278500 /* ViewController.m */ = {isa = PBXFileReference; lastKnownFileType = sourcecode.c.objc; path = ViewController.m; sourceTree = "<group>"; };
		FB23CC351F9F403200278500 /* Base */ = {isa = PBXFileReference; lastKnownFileType = file.storyboard; name = Base; path = Base.lproj/Main.storyboard; sourceTree = "<group>"; };
		FB23CC371F9F403200278500 /* Assets.xcassets */ = {isa = PBXFileReference; lastKnownFileType = folder.assetcatalog; path = Assets.xcassets; sourceTree = "<group>"; };
		FB23CC3A1F9F403200278500 /* Base */ = {isa = PBXFileReference; lastKnownFileType = file.storyboard; name = Base; path = Base.lproj/LaunchScreen.storyboard; sourceTree = "<group>"; };
		FB23CC3C1F9F403200278500 /* Info.plist */ = {isa = PBXFileReference; lastKnownFileType = text.plist.xml; path = Info.plist; sourceTree = "<group>"; };
		FB23CC3D1F9F403200278500 /* main.m */ = {isa = PBXFileReference; lastKnownFileType = sourcecode.c.objc; path = main.m; sourceTree = "<group>"; };
		FB23CC431F9F403200278500 /* ExcelDemoTests.xctest */ = {isa = PBXFileReference; explicitFileType = wrapper.cfbundle; includeInIndex = 0; path = ExcelDemoTests.xctest; sourceTree = BUILT_PRODUCTS_DIR; };
		FB23CC471F9F403200278500 /* ExcelDemoTests.m */ = {isa = PBXFileReference; lastKnownFileType = sourcecode.c.objc; path = ExcelDemoTests.m; sourceTree = "<group>"; };
		FB23CC491F9F403200278500 /* Info.plist */ = {isa = PBXFileReference; lastKnownFileType = text.plist.xml; path = Info.plist; sourceTree = "<group>"; };
		FB23CC4E1F9F403200278500 /* ExcelDemoUITests.xctest */ = {isa = PBXFileReference; explicitFileType = wrapper.cfbundle; includeInIndex = 0; path = ExcelDemoUITests.xctest; sourceTree = BUILT_PRODUCTS_DIR; };
		FB23CC521F9F403200278500 /* ExcelDemoUITests.m */ = {isa = PBXFileReference; lastKnownFileType = sourcecode.c.objc; path = ExcelDemoUITests.m; sourceTree = "<group>"; };
		FB23CC541F9F403200278500 /* Info.plist */ = {isa = PBXFileReference; lastKnownFileType = text.plist.xml; path = Info.plist; sourceTree = "<group>"; };
/* End PBXFileReference section */

/* Begin PBXFrameworksBuildPhase section */
		FB23CC281F9F403200278500 /* Frameworks */ = {
			isa = PBXFrameworksBuildPhase;
			buildActionMask = 2147483647;
			files = (
				8A88A38530FB8DA806F37DE5 /* libPods-ExcelDemo.a in Frameworks */,
			);
			runOnlyForDeploymentPostprocessing = 0;
		};
		FB23CC401F9F403200278500 /* Frameworks */ = {
			isa = PBXFrameworksBuildPhase;
			buildActionMask = 2147483647;
			files = (
				62BA48828474B71BFAF33FF5 /* libPods-ExcelDemoTests.a in Frameworks */,
			);
			runOnlyForDeploymentPostprocessing = 0;
		};
		FB23CC4B1F9F403200278500 /* Frameworks */ = {
			isa = PBXFrameworksBuildPhase;
			buildActionMask = 2147483647;
			files = (
				E29C6DBCCFAD7098E89C45E7 /* libPods-ExcelDemoUITests.a in Frameworks */,
			);
			runOnlyForDeploymentPostprocessing = 0;
		};
/* End PBXFrameworksBuildPhase section */

/* Begin PBXGroup section */
		7D3042ACC4D2F9271FDD93A1 /* Pods */ = {
			isa = PBXGroup;
			children = (
				0D4D34A6EF642CE77E5CF4AC /* Pods-ExcelDemo.debug.xcconfig */,
				B6B8DC1329167A06C0621570 /* Pods-ExcelDemo.release.xcconfig */,
				A412D771EAD904625801662F /* Pods-ExcelDemoTests.debug.xcconfig */,
				39A74C1222FB4B016991E95E /* Pods-ExcelDemoTests.release.xcconfig */,
				C5260E8E6ACE42399125C0D1 /* Pods-ExcelDemoUITests.debug.xcconfig */,
				BDB62FFB2119A93AECC2FC81 /* Pods-ExcelDemoUITests.release.xcconfig */,
			);
			name = Pods;
			sourceTree = "<group>";
		};
		F14DB164B578AB2DEF898014 /* Frameworks */ = {
			isa = PBXGroup;
			children = (
				EB0F54238082F66B3DB4BC90 /* libPods-ExcelDemo.a */,
				C4A49ED5F63519014C59D413 /* libPods-ExcelDemoTests.a */,
				C454EAB66788505B15E42011 /* libPods-ExcelDemoUITests.a */,
			);
			name = Frameworks;
			sourceTree = "<group>";
		};
		FB23CC221F9F403200278500 = {
			isa = PBXGroup;
			children = (
				FB23CC2D1F9F403200278500 /* ExcelDemo */,
				FB23CC461F9F403200278500 /* ExcelDemoTests */,
				FB23CC511F9F403200278500 /* ExcelDemoUITests */,
				FB23CC2C1F9F403200278500 /* Products */,
				7D3042ACC4D2F9271FDD93A1 /* Pods */,
				F14DB164B578AB2DEF898014 /* Frameworks */,
			);
			sourceTree = "<group>";
		};
		FB23CC2C1F9F403200278500 /* Products */ = {
			isa = PBXGroup;
			children = (
				FB23CC2B1F9F403200278500 /* ExcelDemo.app */,
				FB23CC431F9F403200278500 /* ExcelDemoTests.xctest */,
				FB23CC4E1F9F403200278500 /* ExcelDemoUITests.xctest */,
			);
			name = Products;
			sourceTree = "<group>";
		};
		FB23CC2D1F9F403200278500 /* ExcelDemo */ = {
			isa = PBXGroup;
			children = (
				FB23CC2E1F9F403200278500 /* AppDelegate.h */,
				FB23CC2F1F9F403200278500 /* AppDelegate.m */,
				FB23CC311F9F403200278500 /* ViewController.h */,
				FB23CC321F9F403200278500 /* ViewController.m */,
				FB23CC341F9F403200278500 /* Main.storyboard */,
				FB23CC371F9F403200278500 /* Assets.xcassets */,
				FB23CC391F9F403200278500 /* LaunchScreen.storyboard */,
				FB23CC3C1F9F403200278500 /* Info.plist */,
				FB23CC3D1F9F403200278500 /* main.m */,
			);
			path = ExcelDemo;
			sourceTree = "<group>";
		};
		FB23CC461F9F403200278500 /* ExcelDemoTests */ = {
			isa = PBXGroup;
			children = (
				FB23CC471F9F403200278500 /* ExcelDemoTests.m */,
				FB23CC491F9F403200278500 /* Info.plist */,
			);
			path = ExcelDemoTests;
			sourceTree = "<group>";
		};
		FB23CC511F9F403200278500 /* ExcelDemoUITests */ = {
			isa = PBXGroup;
			children = (
				FB23CC521F9F403200278500 /* ExcelDemoUITests.m */,
				FB23CC541F9F403200278500 /* Info.plist */,
			);
			path = ExcelDemoUITests;
			sourceTree = "<group>";
		};
/* End PBXGroup section */

/* Begin PBXNativeTarget section */
		FB23CC2A1F9F403200278500 /* ExcelDemo */ = {
			isa = PBXNativeTarget;
			buildConfigurationList = FB23CC571F9F403200278500 /* Build configuration list for PBXNativeTarget "ExcelDemo" */;
			buildPhases = (
				CE425267D6507159F0D7CD34 /* [CP] Check Pods Manifest.lock */,
				FB23CC271F9F403200278500 /* Sources */,
				FB23CC281F9F403200278500 /* Frameworks */,
				FB23CC291F9F403200278500 /* Resources */,
				FCCA1CE9F916622ABBEC6034 /* [CP] Embed Pods Frameworks */,
				2E95A30170528733DC2D18C2 /* [CP] Copy Pods Resources */,
			);
			buildRules = (
			);
			dependencies = (
			);
			name = ExcelDemo;
			productName = ExcelDemo;
			productReference = FB23CC2B1F9F403200278500 /* ExcelDemo.app */;
			productType = "com.apple.product-type.application";
		};
		FB23CC421F9F403200278500 /* ExcelDemoTests */ = {
			isa = PBXNativeTarget;
			buildConfigurationList = FB23CC5A1F9F403200278500 /* Build configuration list for PBXNativeTarget "ExcelDemoTests" */;
			buildPhases = (
				0094A5DDBFB5F2B8C3BF32B7 /* [CP] Check Pods Manifest.lock */,
				FB23CC3F1F9F403200278500 /* Sources */,
				FB23CC401F9F403200278500 /* Frameworks */,
				FB23CC411F9F403200278500 /* Resources */,
				806D0D109096B7E7F169716C /* [CP] Embed Pods Frameworks */,
				A92115226B209829928F9383 /* [CP] Copy Pods Resources */,
			);
			buildRules = (
			);
			dependencies = (
				FB23CC451F9F403200278500 /* PBXTargetDependency */,
			);
			name = ExcelDemoTests;
			productName = ExcelDemoTests;
			productReference = FB23CC431F9F403200278500 /* ExcelDemoTests.xctest */;
			productType = "com.apple.product-type.bundle.unit-test";
		};
		FB23CC4D1F9F403200278500 /* ExcelDemoUITests */ = {
			isa = PBXNativeTarget;
			buildConfigurationList = FB23CC5D1F9F403200278500 /* Build configuration list for PBXNativeTarget "ExcelDemoUITests" */;
			buildPhases = (
				320D2A188A87F12DC2A97421 /* [CP] Check Pods Manifest.lock */,
				FB23CC4A1F9F403200278500 /* Sources */,
				FB23CC4B1F9F403200278500 /* Frameworks */,
				FB23CC4C1F9F403200278500 /* Resources */,
				BFEE88CC7F7286979C10AAAA /* [CP] Embed Pods Frameworks */,
				5E8684C1E81A29054DC8E27F /* [CP] Copy Pods Resources */,
			);
			buildRules = (
			);
			dependencies = (
				FB23CC501F9F403200278500 /* PBXTargetDependency */,
			);
			name = ExcelDemoUITests;
			productName = ExcelDemoUITests;
			productReference = FB23CC4E1F9F403200278500 /* ExcelDemoUITests.xctest */;
			productType = "com.apple.product-type.bundle.ui-testing";
		};
/* End PBXNativeTarget section */

/* Begin PBXProject section */
		FB23CC231F9F403200278500 /* Project object */ = {
			isa = PBXProject;
			attributes = {
				LastUpgradeCheck = 0900;
				ORGANIZATIONNAME = ZX;
				TargetAttributes = {
					FB23CC2A1F9F403200278500 = {
						CreatedOnToolsVersion = 9.0;
						ProvisioningStyle = Automatic;
					};
					FB23CC421F9F403200278500 = {
						CreatedOnToolsVersion = 9.0;
						ProvisioningStyle = Automatic;
						TestTargetID = FB23CC2A1F9F403200278500;
					};
					FB23CC4D1F9F403200278500 = {
						CreatedOnToolsVersion = 9.0;
						ProvisioningStyle = Automatic;
						TestTargetID = FB23CC2A1F9F403200278500;
					};
				};
			};
			buildConfigurationList = FB23CC261F9F403200278500 /* Build configuration list for PBXProject "ExcelDemo" */;
			compatibilityVersion = "Xcode 8.0";
			developmentRegion = en;
			hasScannedForEncodings = 0;
			knownRegions = (
				en,
				Base,
			);
			mainGroup = FB23CC221F9F403200278500;
			productRefGroup = FB23CC2C1F9F403200278500 /* Products */;
			projectDirPath = "";
			projectRoot = "";
			targets = (
				FB23CC2A1F9F403200278500 /* ExcelDemo */,
				FB23CC421F9F403200278500 /* ExcelDemoTests */,
				FB23CC4D1F9F403200278500 /* ExcelDemoUITests */,
			);
		};
/* End PBXProject section */

/* Begin PBXResourcesBuildPhase section */
		FB23CC291F9F403200278500 /* Resources */ = {
			isa = PBXResourcesBuildPhase;
			buildActionMask = 2147483647;
			files = (
				FB23CC3B1F9F403200278500 /* LaunchScreen.storyboard in Resources */,
				FB23CC381F9F403200278500 /* Assets.xcassets in Resources */,
				FB23CC361F9F403200278500 /* Main.storyboard in Resources */,
			);
			runOnlyForDeploymentPostprocessing = 0;
		};
		FB23CC411F9F403200278500 /* Resources */ = {
			isa = PBXResourcesBuildPhase;
			buildActionMask = 2147483647;
			files = (
			);
			runOnlyForDeploymentPostprocessing = 0;
		};
		FB23CC4C1F9F403200278500 /* Resources */ = {
			isa = PBXResourcesBuildPhase;
			buildActionMask = 2147483647;
			files = (
			);
			runOnlyForDeploymentPostprocessing = 0;
		};
/* End PBXResourcesBuildPhase section */

/* Begin PBXShellScriptBuildPhase section */
		0094A5DDBFB5F2B8C3BF32B7 /* [CP] Check Pods Manifest.lock */ = {
			isa = PBXShellScriptBuildPhase;
			buildActionMask = 2147483647;
			files = (
			);
			inputPaths = (
			);
			name = "[CP] Check Pods Manifest.lock";
			outputPaths = (
			);
			runOnlyForDeploymentPostprocessing = 0;
			shellPath = /bin/sh;
			shellScript = "diff \"${PODS_PODFILE_DIR_PATH}/Podfile.lock\" \"${PODS_ROOT}/Manifest.lock\" > /dev/null\nif [ $? != 0 ] ; then\n    # print error to STDERR\n    echo \"error: The sandbox is not in sync with the Podfile.lock. Run 'pod install' or update your CocoaPods installation.\" >&2\n    exit 1\nfi\n";
			showEnvVarsInLog = 0;
		};
		2E95A30170528733DC2D18C2 /* [CP] Copy Pods Resources */ = {
			isa = PBXShellScriptBuildPhase;
			buildActionMask = 2147483647;
			files = (
			);
			inputPaths = (
			);
			name = "[CP] Copy Pods Resources";
			outputPaths = (
			);
			runOnlyForDeploymentPostprocessing = 0;
			shellPath = /bin/sh;
			shellScript = "\"${SRCROOT}/Pods/Target Support Files/Pods-ExcelDemo/Pods-ExcelDemo-resources.sh\"\n";
			showEnvVarsInLog = 0;
		};
		320D2A188A87F12DC2A97421 /* [CP] Check Pods Manifest.lock */ = {
			isa = PBXShellScriptBuildPhase;
			buildActionMask = 2147483647;
			files = (
			);
			inputPaths = (
			);
			name = "[CP] Check Pods Manifest.lock";
			outputPaths = (
			);
			runOnlyForDeploymentPostprocessing = 0;
			shellPath = /bin/sh;
			shellScript = "diff \"${PODS_PODFILE_DIR_PATH}/Podfile.lock\" \"${PODS_ROOT}/Manifest.lock\" > /dev/null\nif [ $? != 0 ] ; then\n    # print error to STDERR\n    echo \"error: The sandbox is not in sync with the Podfile.lock. Run 'pod install' or update your CocoaPods installation.\" >&2\n    exit 1\nfi\n";
			showEnvVarsInLog = 0;
		};
		5E8684C1E81A29054DC8E27F /* [CP] Copy Pods Resources */ = {
			isa = PBXShellScriptBuildPhase;
			buildActionMask = 2147483647;
			files = (
			);
			inputPaths = (
			);
			name = "[CP] Copy Pods Resources";
			outputPaths = (
			);
			runOnlyForDeploymentPostprocessing = 0;
			shellPath = /bin/sh;
			shellScript = "\"${SRCROOT}/Pods/Target Support Files/Pods-ExcelDemoUITests/Pods-ExcelDemoUITests-resources.sh\"\n";
			showEnvVarsInLog = 0;
		};
		806D0D109096B7E7F169716C /* [CP] Embed Pods Frameworks */ = {
			isa = PBXShellScriptBuildPhase;
			buildActionMask = 2147483647;
			files = (
			);
			inputPaths = (
			);
			name = "[CP] Embed Pods Frameworks";
			outputPaths = (
			);
			runOnlyForDeploymentPostprocessing = 0;
			shellPath = /bin/sh;
			shellScript = "\"${SRCROOT}/Pods/Target Support Files/Pods-ExcelDemoTests/Pods-ExcelDemoTests-frameworks.sh\"\n";
			showEnvVarsInLog = 0;
		};
		A92115226B209829928F9383 /* [CP] Copy Pods Resources */ = {
			isa = PBXShellScriptBuildPhase;
			buildActionMask = 2147483647;
			files = (
			);
			inputPaths = (
			);
			name = "[CP] Copy Pods Resources";
			outputPaths = (
			);
			runOnlyForDeploymentPostprocessing = 0;
			shellPath = /bin/sh;
			shellScript = "\"${SRCROOT}/Pods/Target Support Files/Pods-ExcelDemoTests/Pods-ExcelDemoTests-resources.sh\"\n";
			showEnvVarsInLog = 0;
		};
		BFEE88CC7F7286979C10AAAA /* [CP] Embed Pods Frameworks */ = {
			isa = PBXShellScriptBuildPhase;
			buildActionMask = 2147483647;
			files = (
			);
			inputPaths = (
			);
			name = "[CP] Embed Pods Frameworks";
			outputPaths = (
			);
			runOnlyForDeploymentPostprocessing = 0;
			shellPath = /bin/sh;
			shellScript = "\"${SRCROOT}/Pods/Target Support Files/Pods-ExcelDemoUITests/Pods-ExcelDemoUITests-frameworks.sh\"\n";
			showEnvVarsInLog = 0;
		};
		CE425267D6507159F0D7CD34 /* [CP] Check Pods Manifest.lock */ = {
			isa = PBXShellScriptBuildPhase;
			buildActionMask = 2147483647;
			files = (
			);
			inputPaths = (
			);
			name = "[CP] Check Pods Manifest.lock";
			outputPaths = (
			);
			runOnlyForDeploymentPostprocessing = 0;
			shellPath = /bin/sh;
			shellScript = "diff \"${PODS_PODFILE_DIR_PATH}/Podfile.lock\" \"${PODS_ROOT}/Manifest.lock\" > /dev/null\nif [ $? != 0 ] ; then\n    # print error to STDERR\n    echo \"error: The sandbox is not in sync with the Podfile.lock. Run 'pod install' or update your CocoaPods installation.\" >&2\n    exit 1\nfi\n";
			showEnvVarsInLog = 0;
		};
		FCCA1CE9F916622ABBEC6034 /* [CP] Embed Pods Frameworks */ = {
			isa = PBXShellScriptBuildPhase;
			buildActionMask = 2147483647;
			files = (
			);
			inputPaths = (
			);
			name = "[CP] Embed Pods Frameworks";
			outputPaths = (
			);
			runOnlyForDeploymentPostprocessing = 0;
			shellPath = /bin/sh;
			shellScript = "\"${SRCROOT}/Pods/Target Support Files/Pods-ExcelDemo/Pods-ExcelDemo-frameworks.sh\"\n";
			showEnvVarsInLog = 0;
		};
/* End PBXShellScriptBuildPhase section */

/* Begin PBXSourcesBuildPhase section */
		FB23CC271F9F403200278500 /* Sources */ = {
			isa = PBXSourcesBuildPhase;
			buildActionMask = 2147483647;
			files = (
				FB23CC331F9F403200278500 /* ViewController.m in Sources */,
				FB23CC3E1F9F403200278500 /* main.m in Sources */,
				FB23CC301F9F403200278500 /* AppDelegate.m in Sources */,
			);
			runOnlyForDeploymentPostprocessing = 0;
		};
		FB23CC3F1F9F403200278500 /* Sources */ = {
			isa = PBXSourcesBuildPhase;
			buildActionMask = 2147483647;
			files = (
				FB23CC481F9F403200278500 /* ExcelDemoTests.m in Sources */,
			);
			runOnlyForDeploymentPostprocessing = 0;
		};
		FB23CC4A1F9F403200278500 /* Sources */ = {
			isa = PBXSourcesBuildPhase;
			buildActionMask = 2147483647;
			files = (
				FB23CC531F9F403200278500 /* ExcelDemoUITests.m in Sources */,
			);
			runOnlyForDeploymentPostprocessing = 0;
		};
/* End PBXSourcesBuildPhase section */

/* Begin PBXTargetDependency section */
		FB23CC451F9F403200278500 /* PBXTargetDependency */ = {
			isa = PBXTargetDependency;
			target = FB23CC2A1F9F403200278500 /* ExcelDemo */;
			targetProxy = FB23CC441F9F403200278500 /* PBXContainerItemProxy */;
		};
		FB23CC501F9F403200278500 /* PBXTargetDependency */ = {
			isa = PBXTargetDependency;
			target = FB23CC2A1F9F403200278500 /* ExcelDemo */;
			targetProxy = FB23CC4F1F9F403200278500 /* PBXContainerItemProxy */;
		};
/* End PBXTargetDependency section */

/* Begin PBXVariantGroup section */
		FB23CC341F9F403200278500 /* Main.storyboard */ = {
			isa = PBXVariantGroup;
			children = (
				FB23CC351F9F403200278500 /* Base */,
			);
			name = Main.storyboard;
			sourceTree = "<group>";
		};
		FB23CC391F9F403200278500 /* LaunchScreen.storyboard */ = {
			isa = PBXVariantGroup;
			children = (
				FB23CC3A1F9F403200278500 /* Base */,
			);
			name = LaunchScreen.storyboard;
			sourceTree = "<group>";
		};
/* End PBXVariantGroup section */

/* Begin XCBuildConfiguration section */
		FB23CC551F9F403200278500 /* Debug */ = {
			isa = XCBuildConfiguration;
			buildSettings = {
				ALWAYS_SEARCH_USER_PATHS = NO;
				CLANG_ANALYZER_NONNULL = YES;
				CLANG_ANALYZER_NUMBER_OBJECT_CONVERSION = YES_AGGRESSIVE;
				CLANG_CXX_LANGUAGE_STANDARD = "gnu++14";
				CLANG_CXX_LIBRARY = "libc++";
				CLANG_ENABLE_MODULES = YES;
				CLANG_ENABLE_OBJC_ARC = YES;
				CLANG_WARN_BLOCK_CAPTURE_AUTORELEASING = YES;
				CLANG_WARN_BOOL_CONVERSION = YES;
				CLANG_WARN_COMMA = YES;
				CLANG_WARN_CONSTANT_CONVERSION = YES;
				CLANG_WARN_DIRECT_OBJC_ISA_USAGE = YES_ERROR;
				CLANG_WARN_DOCUMENTATION_COMMENTS = YES;
				CLANG_WARN_EMPTY_BODY = YES;
				CLANG_WARN_ENUM_CONVERSION = YES;
				CLANG_WARN_INFINITE_RECURSION = YES;
				CLANG_WARN_INT_CONVERSION = YES;
				CLANG_WARN_NON_LITERAL_NULL_CONVERSION = YES;
				CLANG_WARN_OBJC_LITERAL_CONVERSION = YES;
				CLANG_WARN_OBJC_ROOT_CLASS = YES_ERROR;
				CLANG_WARN_RANGE_LOOP_ANALYSIS = YES;
				CLANG_WARN_STRICT_PROTOTYPES = YES;
				CLANG_WARN_SUSPICIOUS_MOVE = YES;
				CLANG_WARN_UNGUARDED_AVAILABILITY = YES_AGGRESSIVE;
				CLANG_WARN_UNREACHABLE_CODE = YES;
				CLANG_WARN__DUPLICATE_METHOD_MATCH = YES;
				CODE_SIGN_IDENTITY = "iPhone Developer";
				COPY_PHASE_STRIP = NO;
				DEBUG_INFORMATION_FORMAT = dwarf;
				ENABLE_STRICT_OBJC_MSGSEND = YES;
				ENABLE_TESTABILITY = YES;
				GCC_C_LANGUAGE_STANDARD = gnu11;
				GCC_DYNAMIC_NO_PIC = NO;
				GCC_NO_COMMON_BLOCKS = YES;
				GCC_OPTIMIZATION_LEVEL = 0;
				GCC_PREPROCESSOR_DEFINITIONS = (
					"DEBUG=1",
					"$(inherited)",
				);
				GCC_WARN_64_TO_32_BIT_CONVERSION = YES;
				GCC_WARN_ABOUT_RETURN_TYPE = YES_ERROR;
				GCC_WARN_UNDECLARED_SELECTOR = YES;
				GCC_WARN_UNINITIALIZED_AUTOS = YES_AGGRESSIVE;
				GCC_WARN_UNUSED_FUNCTION = YES;
				GCC_WARN_UNUSED_VARIABLE = YES;
				IPHONEOS_DEPLOYMENT_TARGET = 11.0;
				MTL_ENABLE_DEBUG_INFO = YES;
				ONLY_ACTIVE_ARCH = YES;
				SDKROOT = iphoneos;
			};
			name = Debug;
		};
		FB23CC561F9F403200278500 /* Release */ = {
			isa = XCBuildConfiguration;
			buildSettings = {
				ALWAYS_SEARCH_USER_PATHS = NO;
				CLANG_ANALYZER_NONNULL = YES;
				CLANG_ANALYZER_NUMBER_OBJECT_CONVERSION = YES_AGGRESSIVE;
				CLANG_CXX_LANGUAGE_STANDARD = "gnu++14";
				CLANG_CXX_LIBRARY = "libc++";
				CLANG_ENABLE_MODULES = YES;
				CLANG_ENABLE_OBJC_ARC = YES;
				CLANG_WARN_BLOCK_CAPTURE_AUTORELEASING = YES;
				CLANG_WARN_BOOL_CONVERSION = YES;
				CLANG_WARN_COMMA = YES;
				CLANG_WARN_CONSTANT_CONVERSION = YES;
				CLANG_WARN_DIRECT_OBJC_ISA_USAGE = YES_ERROR;
				CLANG_WARN_DOCUMENTATION_COMMENTS = YES;
				CLANG_WARN_EMPTY_BODY = YES;
				CLANG_WARN_ENUM_CONVERSION = YES;
				CLANG_WARN_INFINITE_RECURSION = YES;
				CLANG_WARN_INT_CONVERSION = YES;
				CLANG_WARN_NON_LITERAL_NULL_CONVERSION = YES;
				CLANG_WARN_OBJC_LITERAL_CONVERSION = YES;
				CLANG_WARN_OBJC_ROOT_CLASS = YES_ERROR;
				CLANG_WARN_RANGE_LOOP_ANALYSIS = YES;
				CLANG_WARN_STRICT_PROTOTYPES = YES;
				CLANG_WARN_SUSPICIOUS_MOVE = YES;
				CLANG_WARN_UNGUARDED_AVAILABILITY = YES_AGGRESSIVE;
				CLANG_WARN_UNREACHABLE_CODE = YES;
				CLANG_WARN__DUPLICATE_METHOD_MATCH = YES;
				CODE_SIGN_IDENTITY = "iPhone Developer";
				COPY_PHASE_STRIP = NO;
				DEBUG_INFORMATION_FORMAT = "dwarf-with-dsym";
				ENABLE_NS_ASSERTIONS = NO;
				ENABLE_STRICT_OBJC_MSGSEND = YES;
				GCC_C_LANGUAGE_STANDARD = gnu11;
				GCC_NO_COMMON_BLOCKS = YES;
				GCC_WARN_64_TO_32_BIT_CONVERSION = YES;
				GCC_WARN_ABOUT_RETURN_TYPE = YES_ERROR;
				GCC_WARN_UNDECLARED_SELECTOR = YES;
				GCC_WARN_UNINITIALIZED_AUTOS = YES_AGGRESSIVE;
				GCC_WARN_UNUSED_FUNCTION = YES;
				GCC_WARN_UNUSED_VARIABLE = YES;
				IPHONEOS_DEPLOYMENT_TARGET = 11.0;
				MTL_ENABLE_DEBUG_INFO = NO;
				SDKROOT = iphoneos;
				VALIDATE_PRODUCT = YES;
			};
			name = Release;
		};
		FB23CC581F9F403200278500 /* Debug */ = {
			isa = XCBuildConfiguration;
			baseConfigurationReference = 0D4D34A6EF642CE77E5CF4AC /* Pods-ExcelDemo.debug.xcconfig */;
			buildSettings = {
				ASSETCATALOG_COMPILER_APPICON_NAME = AppIcon;
				CODE_SIGN_STYLE = Automatic;
				DEVELOPMENT_TEAM = 774X2EKUCX;
				INFOPLIST_FILE = ExcelDemo/Info.plist;
				LD_RUNPATH_SEARCH_PATHS = "$(inherited) @executable_path/Frameworks";
				PRODUCT_BUNDLE_IDENTIFIER = com.zx.ExcelDemo;
				PRODUCT_NAME = "$(TARGET_NAME)";
				TARGETED_DEVICE_FAMILY = "1,2";
			};
			name = Debug;
		};
		FB23CC591F9F403200278500 /* Release */ = {
			isa = XCBuildConfiguration;
			baseConfigurationReference = B6B8DC1329167A06C0621570 /* Pods-ExcelDemo.release.xcconfig */;
			buildSettings = {
				ASSETCATALOG_COMPILER_APPICON_NAME = AppIcon;
				CODE_SIGN_STYLE = Automatic;
				DEVELOPMENT_TEAM = 774X2EKUCX;
				INFOPLIST_FILE = ExcelDemo/Info.plist;
				LD_RUNPATH_SEARCH_PATHS = "$(inherited) @executable_path/Frameworks";
				PRODUCT_BUNDLE_IDENTIFIER = com.zx.ExcelDemo;
				PRODUCT_NAME = "$(TARGET_NAME)";
				TARGETED_DEVICE_FAMILY = "1,2";
			};
			name = Release;
		};
		FB23CC5B1F9F403200278500 /* Debug */ = {
			isa = XCBuildConfiguration;
			baseConfigurationReference = A412D771EAD904625801662F /* Pods-ExcelDemoTests.debug.xcconfig */;
			buildSettings = {
				BUNDLE_LOADER = "$(TEST_HOST)";
				CODE_SIGN_STYLE = Automatic;
				INFOPLIST_FILE = ExcelDemoTests/Info.plist;
				LD_RUNPATH_SEARCH_PATHS = "$(inherited) @executable_path/Frameworks @loader_path/Frameworks";
				PRODUCT_BUNDLE_IDENTIFIER = com.zx.ExcelDemoTests;
				PRODUCT_NAME = "$(TARGET_NAME)";
				TARGETED_DEVICE_FAMILY = "1,2";
				TEST_HOST = "$(BUILT_PRODUCTS_DIR)/ExcelDemo.app/ExcelDemo";
			};
			name = Debug;
		};
		FB23CC5C1F9F403200278500 /* Release */ = {
			isa = XCBuildConfiguration;
			baseConfigurationReference = 39A74C1222FB4B016991E95E /* Pods-ExcelDemoTests.release.xcconfig */;
			buildSettings = {
				BUNDLE_LOADER = "$(TEST_HOST)";
				CODE_SIGN_STYLE = Automatic;
				INFOPLIST_FILE = ExcelDemoTests/Info.plist;
				LD_RUNPATH_SEARCH_PATHS = "$(inherited) @executable_path/Frameworks @loader_path/Frameworks";
				PRODUCT_BUNDLE_IDENTIFIER = com.zx.ExcelDemoTests;
				PRODUCT_NAME = "$(TARGET_NAME)";
				TARGETED_DEVICE_FAMILY = "1,2";
				TEST_HOST = "$(BUILT_PRODUCTS_DIR)/ExcelDemo.app/ExcelDemo";
			};
			name = Release;
		};
		FB23CC5E1F9F403200278500 /* Debug */ = {
			isa = XCBuildConfiguration;
			baseConfigurationReference = C5260E8E6ACE42399125C0D1 /* Pods-ExcelDemoUITests.debug.xcconfig */;
			buildSettings = {
				CODE_SIGN_STYLE = Automatic;
				INFOPLIST_FILE = ExcelDemoUITests/Info.plist;
				LD_RUNPATH_SEARCH_PATHS = "$(inherited) @executable_path/Frameworks @loader_path/Frameworks";
				PRODUCT_BUNDLE_IDENTIFIER = com.zx.ExcelDemoUITests;
				PRODUCT_NAME = "$(TARGET_NAME)";
				TARGETED_DEVICE_FAMILY = "1,2";
				TEST_TARGET_NAME = ExcelDemo;
			};
			name = Debug;
		};
		FB23CC5F1F9F403200278500 /* Release */ = {
			isa = XCBuildConfiguration;
			baseConfigurationReference = BDB62FFB2119A93AECC2FC81 /* Pods-ExcelDemoUITests.release.xcconfig */;
			buildSettings = {
				CODE_SIGN_STYLE = Automatic;
				INFOPLIST_FILE = ExcelDemoUITests/Info.plist;
				LD_RUNPATH_SEARCH_PATHS = "$(inherited) @executable_path/Frameworks @loader_path/Frameworks";
				PRODUCT_BUNDLE_IDENTIFIER = com.zx.ExcelDemoUITests;
				PRODUCT_NAME = "$(TARGET_NAME)";
				TARGETED_DEVICE_FAMILY = "1,2";
				TEST_TARGET_NAME = ExcelDemo;
			};
			name = Release;
		};
/* End XCBuildConfiguration section */

/* Begin XCConfigurationList section */
		FB23CC261F9F403200278500 /* Build configuration list for PBXProject "ExcelDemo" */ = {
			isa = XCConfigurationList;
			buildConfigurations = (
				FB23CC551F9F403200278500 /* Debug */,
				FB23CC561F9F403200278500 /* Release */,
			);
			defaultConfigurationIsVisible = 0;
			defaultConfigurationName = Release;
		};
		FB23CC571F9F403200278500 /* Build configuration list for PBXNativeTarget "ExcelDemo" */ = {
			isa = XCConfigurationList;
			buildConfigurations = (
				FB23CC581F9F403200278500 /* Debug */,
				FB23CC591F9F403200278500 /* Release */,
			);
			defaultConfigurationIsVisible = 0;
			defaultConfigurationName = Release;
		};
		FB23CC5A1F9F403200278500 /* Build configuration list for PBXNativeTarget "ExcelDemoTests" */ = {
			isa = XCConfigurationList;
			buildConfigurations = (
				FB23CC5B1F9F403200278500 /* Debug */,
				FB23CC5C1F9F403200278500 /* Release */,
			);
			defaultConfigurationIsVisible = 0;
			defaultConfigurationName = Release;
		};
		FB23CC5D1F9F403200278500 /* Build configuration list for PBXNativeTarget "ExcelDemoUITests" */ = {
			isa = XCConfigurationList;
			buildConfigurations = (
				FB23CC5E1F9F403200278500 /* Debug */,
				FB23CC5F1F9F403200278500 /* Release */,
			);
			defaultConfigurationIsVisible = 0;
			defaultConfigurationName = Release;
		};
/* End XCConfigurationList section */
	};
	rootObject = FB23CC231F9F403200278500 /* Project object */;
}
